// !$*UTF8*$!
{
	archiveVersion = 1;
	classes = {
	};
	objectVersion = 46;
	objects = {

/* Begin PBXBuildFile section */
		44B8F0D2DA7640F0A655C17A /* Settings.bundle in Resources */ = {isa = PBXBuildFile; fileRef = 49EA51AB17DA4AA8B004A079 /* Settings.bundle */; };
		4BA90710ED695749959F94B5 /* RootViewController.m in Sources */ = {isa = PBXBuildFile; fileRef = 4BA90AC4CB100CAC0E560C8D /* RootViewController.m */; };
		9474C7E6816C378252936730 /* CIColorCubeDataManager.m in Sources */ = {isa = PBXBuildFile; fileRef = 9474C92CC52C53ED263B5009 /* CIColorCubeDataManager.m */; };
		BC27E68419AAC3E100C7FF64 /* main.m in Sources */ = {isa = PBXBuildFile; fileRef = BC27E68319AAC3E100C7FF64 /* main.m */; };
		BC27E68719AAC3E100C7FF64 /* AppDelegate.m in Sources */ = {isa = PBXBuildFile; fileRef = BC27E68619AAC3E100C7FF64 /* AppDelegate.m */; };
		BC27E68D19AAC3E100C7FF64 /* Main.storyboard in Resources */ = {isa = PBXBuildFile; fileRef = BC27E68B19AAC3E100C7FF64 /* Main.storyboard */; };
		BC27E68F19AAC3E100C7FF64 /* Images.xcassets in Resources */ = {isa = PBXBuildFile; fileRef = BC27E68E19AAC3E100C7FF64 /* Images.xcassets */; };
		BC27E6A619AACCD700C7FF64 /* FilterStackViewController.m in Sources */ = {isa = PBXBuildFile; fileRef = BC27E6A519AACCD700C7FF64 /* FilterStackViewController.m */; };
		BC27E6A919AACCE800C7FF64 /* FilterDetailViewController.m in Sources */ = {isa = PBXBuildFile; fileRef = BC27E6A819AACCE800C7FF64 /* FilterDetailViewController.m */; };
		BCED225119B9677A00988D65 /* StatView.m in Sources */ = {isa = PBXBuildFile; fileRef = BCED225019B9677A00988D65 /* StatView.m */; };
/* End PBXBuildFile section */

/* Begin PBXFileReference section */
		49EA51AB17DA4AA8B004A079 /* Settings.bundle */ = {isa = PBXFileReference; includeInIndex = 1; lastKnownFileType = "wrapper.plug-in"; path = Settings.bundle; sourceTree = "<group>"; };
		4BA906382A63E1400B671BAE /* RootViewController.h */ = {isa = PBXFileReference; fileEncoding = 4; lastKnownFileType = sourcecode.c.h; path = RootViewController.h; sourceTree = "<group>"; };
		4BA90AC4CB100CAC0E560C8D /* RootViewController.m */ = {isa = PBXFileReference; fileEncoding = 4; lastKnownFileType = sourcecode.c.objc; path = RootViewController.m; sourceTree = "<group>"; };
		9474C92CC52C53ED263B5009 /* CIColorCubeDataManager.m */ = {isa = PBXFileReference; fileEncoding = 4; lastKnownFileType = sourcecode.c.objc; path = CIColorCubeDataManager.m; sourceTree = "<group>"; };
		9474C980133BF0289A3FC312 /* CIColorCubeDataManager.h */ = {isa = PBXFileReference; fileEncoding = 4; lastKnownFileType = sourcecode.c.h; path = CIColorCubeDataManager.h; sourceTree = "<group>"; };
		BC27E67E19AAC3E100C7FF64 /* CoreImageVideoTestbed.app */ = {isa = PBXFileReference; explicitFileType = wrapper.application; includeInIndex = 0; path = CoreImageVideoTestbed.app; sourceTree = BUILT_PRODUCTS_DIR; };
		BC27E68219AAC3E100C7FF64 /* Info.plist */ = {isa = PBXFileReference; lastKnownFileType = text.plist.xml; path = Info.plist; sourceTree = "<group>"; };
		BC27E68319AAC3E100C7FF64 /* main.m */ = {isa = PBXFileReference; lastKnownFileType = sourcecode.c.objc; path = main.m; sourceTree = "<group>"; };
		BC27E68519AAC3E100C7FF64 /* AppDelegate.h */ = {isa = PBXFileReference; lastKnownFileType = sourcecode.c.h; path = AppDelegate.h; sourceTree = "<group>"; };
		BC27E68619AAC3E100C7FF64 /* AppDelegate.m */ = {isa = PBXFileReference; lastKnownFileType = sourcecode.c.objc; path = AppDelegate.m; sourceTree = "<group>"; };
		BC27E68C19AAC3E100C7FF64 /* Base */ = {isa = PBXFileReference; lastKnownFileType = file.storyboard; name = Base; path = Base.lproj/Main.storyboard; sourceTree = "<group>"; };
		BC27E68E19AAC3E100C7FF64 /* Images.xcassets */ = {isa = PBXFileReference; lastKnownFileType = folder.assetcatalog; path = Images.xcassets; sourceTree = "<group>"; };
		BC27E6A419AACCD700C7FF64 /* FilterStackViewController.h */ = {isa = PBXFileReference; fileEncoding = 4; lastKnownFileType = sourcecode.c.h; path = FilterStackViewController.h; sourceTree = "<group>"; };
		BC27E6A519AACCD700C7FF64 /* FilterStackViewController.m */ = {isa = PBXFileReference; fileEncoding = 4; lastKnownFileType = sourcecode.c.objc; path = FilterStackViewController.m; sourceTree = "<group>"; };
		BC27E6A719AACCE800C7FF64 /* FilterDetailViewController.h */ = {isa = PBXFileReference; fileEncoding = 4; lastKnownFileType = sourcecode.c.h; path = FilterDetailViewController.h; sourceTree = "<group>"; };
		BC27E6A819AACCE800C7FF64 /* FilterDetailViewController.m */ = {isa = PBXFileReference; fileEncoding = 4; lastKnownFileType = sourcecode.c.objc; path = FilterDetailViewController.m; sourceTree = "<group>"; };
		BCED224F19B9677A00988D65 /* StatView.h */ = {isa = PBXFileReference; fileEncoding = 4; lastKnownFileType = sourcecode.c.h; path = StatView.h; sourceTree = "<group>"; };
		BCED225019B9677A00988D65 /* StatView.m */ = {isa = PBXFileReference; fileEncoding = 4; lastKnownFileType = sourcecode.c.objc; path = StatView.m; sourceTree = "<group>"; };
/* End PBXFileReference section */

/* Begin PBXFrameworksBuildPhase section */
		BC27E67B19AAC3E100C7FF64 /* Frameworks */ = {
			isa = PBXFrameworksBuildPhase;
			buildActionMask = 2147483647;
			files = (
			);
			runOnlyForDeploymentPostprocessing = 0;
		};
/* End PBXFrameworksBuildPhase section */

/* Begin PBXGroup section */
		267C9256F85F4C32BE9B89D6 /* Vendor */ = {
			isa = PBXGroup;
			children = (
			);
			path = Vendor;
			sourceTree = "<group>";
		};
		2B1E5E9F543140FB8617CB0D /* ModelControllers */ = {
			isa = PBXGroup;
			children = (
				9474C92CC52C53ED263B5009 /* CIColorCubeDataManager.m */,
				9474C980133BF0289A3FC312 /* CIColorCubeDataManager.h */,
			);
			path = ModelControllers;
			sourceTree = "<group>";
		};
		3BE301DCCC7349999E702208 /* Fonts */ = {
			isa = PBXGroup;
			children = (
			);
			path = Fonts;
			sourceTree = "<group>";
		};
		5347EE69C3304FD89930559E /* Views */ = {
			isa = PBXGroup;
			children = (
				BCED224F19B9677A00988D65 /* StatView.h */,
				BCED225019B9677A00988D65 /* StatView.m */,
			);
			path = Views;
			sourceTree = "<group>";
		};
		6DCBC47FC38B4289931036BC /* ViewControllers */ = {
			isa = PBXGroup;
			children = (
				4BA906382A63E1400B671BAE /* RootViewController.h */,
				4BA90AC4CB100CAC0E560C8D /* RootViewController.m */,
				BC27E6A419AACCD700C7FF64 /* FilterStackViewController.h */,
				BC27E6A519AACCD700C7FF64 /* FilterStackViewController.m */,
				BC27E6A719AACCE800C7FF64 /* FilterDetailViewController.h */,
				BC27E6A819AACCE800C7FF64 /* FilterDetailViewController.m */,
			);
			path = ViewControllers;
			sourceTree = "<group>";
		};
		7384480B289B45ECB9AECD26 /* Data */ = {
			isa = PBXGroup;
			children = (
			);
			path = Data;
			sourceTree = "<group>";
		};
		83A7FFD41980448285B355F4 /* Categories */ = {
			isa = PBXGroup;
			children = (
			);
			path = Categories;
			sourceTree = "<group>";
		};
		8F91A76BAD6A4A749D06E42C /* Images */ = {
			isa = PBXGroup;
			children = (
			);
			path = Images;
			sourceTree = "<group>";
		};
		AC7D4CB6D78440A5816B76BB /* Resources */ = {
			isa = PBXGroup;
			children = (
				3BE301DCCC7349999E702208 /* Fonts */,
				7384480B289B45ECB9AECD26 /* Data */,
				8F91A76BAD6A4A749D06E42C /* Images */,
				49EA51AB17DA4AA8B004A079 /* Settings.bundle */,
			);
			path = Resources;
			sourceTree = "<group>";
		};
		BC27E67519AAC3E100C7FF64 = {
			isa = PBXGroup;
			children = (
				BC27E68019AAC3E100C7FF64 /* CoreImageVideoTestbed */,
				BC27E67F19AAC3E100C7FF64 /* Products */,
			);
			indentWidth = 4;
			sourceTree = "<group>";
			tabWidth = 4;
			usesTabs = 0;
		};
		BC27E67F19AAC3E100C7FF64 /* Products */ = {
			isa = PBXGroup;
			children = (
				BC27E67E19AAC3E100C7FF64 /* CoreImageVideoTestbed.app */,
			);
			name = Products;
			sourceTree = "<group>";
		};
		BC27E68019AAC3E100C7FF64 /* CoreImageVideoTestbed */ = {
			isa = PBXGroup;
			children = (
				BC27E68519AAC3E100C7FF64 /* AppDelegate.h */,
				BC27E68619AAC3E100C7FF64 /* AppDelegate.m */,
				BC27E68B19AAC3E100C7FF64 /* Main.storyboard */,
				BC27E68E19AAC3E100C7FF64 /* Images.xcassets */,
				BC27E68119AAC3E100C7FF64 /* Supporting Files */,
				83A7FFD41980448285B355F4 /* Categories */,
				2B1E5E9F543140FB8617CB0D /* ModelControllers */,
				FA9C70FAD7B24B538FD75C44 /* Models */,
				EA14A1908E674060BB851384 /* Theme */,
				6DCBC47FC38B4289931036BC /* ViewControllers */,
				5347EE69C3304FD89930559E /* Views */,
				267C9256F85F4C32BE9B89D6 /* Vendor */,
				AC7D4CB6D78440A5816B76BB /* Resources */,
			);
			path = CoreImageVideoTestbed;
			sourceTree = "<group>";
		};
		BC27E68119AAC3E100C7FF64 /* Supporting Files */ = {
			isa = PBXGroup;
			children = (
				BC27E68219AAC3E100C7FF64 /* Info.plist */,
				BC27E68319AAC3E100C7FF64 /* main.m */,
			);
			name = "Supporting Files";
			sourceTree = "<group>";
		};
		EA14A1908E674060BB851384 /* Theme */ = {
			isa = PBXGroup;
			children = (
			);
			path = Theme;
			sourceTree = "<group>";
		};
		FA9C70FAD7B24B538FD75C44 /* Models */ = {
			isa = PBXGroup;
			children = (
			);
			path = Models;
			sourceTree = "<group>";
		};
/* End PBXGroup section */

/* Begin PBXNativeTarget section */
		BC27E67D19AAC3E100C7FF64 /* CoreImageVideoTestbed */ = {
			isa = PBXNativeTarget;
			buildConfigurationList = BC27E69E19AAC3E100C7FF64 /* Build configuration list for PBXNativeTarget "CoreImageVideoTestbed" */;
			buildPhases = (
				BC27E67A19AAC3E100C7FF64 /* Sources */,
				BC27E67B19AAC3E100C7FF64 /* Frameworks */,
				BC27E67C19AAC3E100C7FF64 /* Resources */,
				686D65CC5D7D43B48D814289 /* Warn for TODO and FIXME comments */,
				1DA00F55966348A085FEB80D /* Update build number */,
			);
			buildRules = (
			);
			dependencies = (
			);
			name = CoreImageVideoTestbed;
			productName = CoreImageVideoTestbed;
			productReference = BC27E67E19AAC3E100C7FF64 /* CoreImageVideoTestbed.app */;
			productType = "com.apple.product-type.application";
		};
/* End PBXNativeTarget section */

/* Begin PBXProject section */
		BC27E67619AAC3E100C7FF64 /* Project object */ = {
			isa = PBXProject;
			attributes = {
				LastUpgradeCheck = 0600;
				ORGANIZATIONNAME = "Joshua Sullivan";
				TargetAttributes = {
					BC27E67D19AAC3E100C7FF64 = {
						CreatedOnToolsVersion = 6.0;
					};
				};
			};
			buildConfigurationList = BC27E67919AAC3E100C7FF64 /* Build configuration list for PBXProject "CoreImageVideoTestbed" */;
			compatibilityVersion = "Xcode 3.2";
			developmentRegion = English;
			hasScannedForEncodings = 0;
			knownRegions = (
				en,
				Base,
			);
			mainGroup = BC27E67519AAC3E100C7FF64;
			productRefGroup = BC27E67F19AAC3E100C7FF64 /* Products */;
			projectDirPath = "";
			projectRoot = "";
			targets = (
				BC27E67D19AAC3E100C7FF64 /* CoreImageVideoTestbed */,
			);
		};
/* End PBXProject section */

/* Begin PBXResourcesBuildPhase section */
		BC27E67C19AAC3E100C7FF64 /* Resources */ = {
			isa = PBXResourcesBuildPhase;
			buildActionMask = 2147483647;
			files = (
				BC27E68D19AAC3E100C7FF64 /* Main.storyboard in Resources */,
				BC27E68F19AAC3E100C7FF64 /* Images.xcassets in Resources */,
				44B8F0D2DA7640F0A655C17A /* Settings.bundle in Resources */,
			);
			runOnlyForDeploymentPostprocessing = 0;
		};
/* End PBXResourcesBuildPhase section */

/* Begin PBXShellScriptBuildPhase section */
		1DA00F55966348A085FEB80D /* Update build number */ = {
			isa = PBXShellScriptBuildPhase;
			buildActionMask = 2147483647;
			files = (
			);
			inputPaths = (
			);
			name = "Update build number";
			outputPaths = (
			);
			runOnlyForDeploymentPostprocessing = 0;
			shellPath = /bin/sh;
			shellScript = "echo \"${TARGET_BUILD_DIR}\"\nbuildPlist=\"${TARGET_BUILD_DIR}\"/\"${INFOPLIST_PATH}\"\n\n# Increment the build number to match the git version\nsvnRevision=`git log --oneline | wc -l`\n/usr/libexec/PlistBuddy -c \"Set :CFBundleVersion $svnRevision\" \"$buildPlist\"\n\nbundleVersion=$(/usr/libexec/PlistBuddy -c \"Print CFBundleVersion\" \"$buildPlist\")\nbundleShortVersionString=$(/usr/libexec/PlistBuddy -c \"Print CFBundleShortVersionString\" \"$buildPlist\")\n\n# Update the Settings.bundle\nnewVersion=\"${bundleShortVersionString} (${bundleVersion})\"\n/usr/libexec/PlistBuddy \"${TARGET_BUILD_DIR}\"/\"${PRODUCT_NAME}.app\"/Settings.bundle/Root.plist -c \"set PreferenceSpecifiers:1:DefaultValue $newVersion\"\necho \"newVersion: ${newVersion}\"\n";
		};
		686D65CC5D7D43B48D814289 /* Warn for TODO and FIXME comments */ = {
			isa = PBXShellScriptBuildPhase;
			buildActionMask = 2147483647;
			files = (
			);
			inputPaths = (
			);
			name = "Warn for TODO and FIXME comments";
			outputPaths = (
			);
			runOnlyForDeploymentPostprocessing = 0;
			shellPath = /bin/sh;
			shellScript = "KEYWORDS=\"TODO:|FIXME:|\\?\\?\\?:|\\!\\!\\!:\"\nFILE_EXTENSIONS=\"h|m|mm|c|cpp\"\nfind -E \"${SRCROOT}\" -ipath \"${SRCROOT}/pods\" -prune -o \\( -regex \".*\\.($FILE_EXTENSIONS)$\" \\) -print0 | xargs -0 egrep --with-filename --line-number --only-matching \"($KEYWORDS).*\\$\" | perl -p -e \"s/($KEYWORDS)/ warning: \\$1/\"\n";
		};
/* End PBXShellScriptBuildPhase section */

/* Begin PBXSourcesBuildPhase section */
		BC27E67A19AAC3E100C7FF64 /* Sources */ = {
			isa = PBXSourcesBuildPhase;
			buildActionMask = 2147483647;
			files = (
				BC27E6A919AACCE800C7FF64 /* FilterDetailViewController.m in Sources */,
				BC27E68719AAC3E100C7FF64 /* AppDelegate.m in Sources */,
				BCED225119B9677A00988D65 /* StatView.m in Sources */,
				BC27E6A619AACCD700C7FF64 /* FilterStackViewController.m in Sources */,
				BC27E68419AAC3E100C7FF64 /* main.m in Sources */,
				4BA90710ED695749959F94B5 /* RootViewController.m in Sources */,
				9474C7E6816C378252936730 /* CIColorCubeDataManager.m in Sources */,
			);
			runOnlyForDeploymentPostprocessing = 0;
		};
/* End PBXSourcesBuildPhase section */

/* Begin PBXVariantGroup section */
		BC27E68B19AAC3E100C7FF64 /* Main.storyboard */ = {
			isa = PBXVariantGroup;
			children = (
				BC27E68C19AAC3E100C7FF64 /* Base */,
			);
			name = Main.storyboard;
			sourceTree = "<group>";
		};
/* End PBXVariantGroup section */

/* Begin XCBuildConfiguration section */
		BC27E69C19AAC3E100C7FF64 /* Debug */ = {
			isa = XCBuildConfiguration;
			buildSettings = {
				ALWAYS_SEARCH_USER_PATHS = NO;
				CLANG_CXX_LANGUAGE_STANDARD = "gnu++0x";
				CLANG_CXX_LIBRARY = "libc++";
				CLANG_ENABLE_MODULES = YES;
				CLANG_ENABLE_OBJC_ARC = YES;
				CLANG_WARN_BOOL_CONVERSION = YES;
				CLANG_WARN_CONSTANT_CONVERSION = YES;
				CLANG_WARN_DIRECT_OBJC_ISA_USAGE = YES_ERROR;
				CLANG_WARN_EMPTY_BODY = YES;
				CLANG_WARN_ENUM_CONVERSION = YES;
				CLANG_WARN_INT_CONVERSION = YES;
				CLANG_WARN_OBJC_ROOT_CLASS = YES_ERROR;
				CLANG_WARN_UNREACHABLE_CODE = YES;
				CLANG_WARN__DUPLICATE_METHOD_MATCH = YES;
				"CODE_SIGN_IDENTITY[sdk=iphoneos*]" = "iPhone Developer";
				COPY_PHASE_STRIP = NO;
				ENABLE_STRICT_OBJC_MSGSEND = YES;
				GCC_C_LANGUAGE_STANDARD = gnu99;
				GCC_DYNAMIC_NO_PIC = NO;
				GCC_OPTIMIZATION_LEVEL = 0;
				GCC_PREPROCESSOR_DEFINITIONS = (
					"DEBUG=1",
					"$(inherited)",
				);
				GCC_SYMBOLS_PRIVATE_EXTERN = NO;
				GCC_WARN_64_TO_32_BIT_CONVERSION = YES;
				GCC_WARN_ABOUT_MISSING_FIELD_INITIALIZERS = YES;
				GCC_WARN_ABOUT_MISSING_NEWLINE = YES;
				GCC_WARN_ABOUT_RETURN_TYPE = YES;
				GCC_WARN_CHECK_SWITCH_STATEMENTS = YES;
				GCC_WARN_INITIALIZER_NOT_FULLY_BRACKETED = YES;
				GCC_WARN_MISSING_PARENTHESES = YES;
				GCC_WARN_SHADOW = YES;
				GCC_WARN_SIGN_COMPARE = YES;
				GCC_WARN_TYPECHECK_CALLS_TO_PRINTF = YES;
				GCC_WARN_UNDECLARED_SELECTOR = YES;
				GCC_WARN_UNINITIALIZED_AUTOS = YES_AGGRESSIVE;
				GCC_WARN_UNUSED_FUNCTION = YES;
				GCC_WARN_UNUSED_LABEL = YES;
				GCC_WARN_UNUSED_VALUE = YES;
				GCC_WARN_UNUSED_VARIABLE = YES;
				IPHONEOS_DEPLOYMENT_TARGET = 7.1;
				MTL_ENABLE_DEBUG_INFO = YES;
				ONLY_ACTIVE_ARCH = YES;
				SDKROOT = iphoneos;
				TARGETED_DEVICE_FAMILY = "1,2";
			};
			name = Debug;
		};
		BC27E69D19AAC3E100C7FF64 /* Release */ = {
			isa = XCBuildConfiguration;
			buildSettings = {
				ALWAYS_SEARCH_USER_PATHS = NO;
				CLANG_CXX_LANGUAGE_STANDARD = "gnu++0x";
				CLANG_CXX_LIBRARY = "libc++";
				CLANG_ENABLE_MODULES = YES;
				CLANG_ENABLE_OBJC_ARC = YES;
				CLANG_WARN_BOOL_CONVERSION = YES;
				CLANG_WARN_CONSTANT_CONVERSION = YES;
				CLANG_WARN_DIRECT_OBJC_ISA_USAGE = YES_ERROR;
				CLANG_WARN_EMPTY_BODY = YES;
				CLANG_WARN_ENUM_CONVERSION = YES;
				CLANG_WARN_INT_CONVERSION = YES;
				CLANG_WARN_OBJC_ROOT_CLASS = YES_ERROR;
				CLANG_WARN_UNREACHABLE_CODE = YES;
				CLANG_WARN__DUPLICATE_METHOD_MATCH = YES;
				"CODE_SIGN_IDENTITY[sdk=iphoneos*]" = "iPhone Developer";
				COPY_PHASE_STRIP = YES;
				ENABLE_NS_ASSERTIONS = NO;
				ENABLE_STRICT_OBJC_MSGSEND = YES;
				GCC_C_LANGUAGE_STANDARD = gnu99;
				GCC_WARN_64_TO_32_BIT_CONVERSION = YES;
				GCC_WARN_ABOUT_MISSING_FIELD_INITIALIZERS = YES;
				GCC_WARN_ABOUT_MISSING_NEWLINE = YES;
				GCC_WARN_ABOUT_RETURN_TYPE = YES;
				GCC_WARN_CHECK_SWITCH_STATEMENTS = YES;
				GCC_WARN_INITIALIZER_NOT_FULLY_BRACKETED = YES;
				GCC_WARN_MISSING_PARENTHESES = YES;
				GCC_WARN_SHADOW = YES;
				GCC_WARN_SIGN_COMPARE = YES;
				GCC_WARN_TYPECHECK_CALLS_TO_PRINTF = YES;
				GCC_WARN_UNDECLARED_SELECTOR = YES;
				GCC_WARN_UNINITIALIZED_AUTOS = YES_AGGRESSIVE;
				GCC_WARN_UNUSED_FUNCTION = YES;
				GCC_WARN_UNUSED_LABEL = YES;
				GCC_WARN_UNUSED_VALUE = YES;
				GCC_WARN_UNUSED_VARIABLE = YES;
				IPHONEOS_DEPLOYMENT_TARGET = 7.1;
				MTL_ENABLE_DEBUG_INFO = NO;
				SDKROOT = iphoneos;
				TARGETED_DEVICE_FAMILY = "1,2";
				VALIDATE_PRODUCT = YES;
			};
			name = Release;
		};
		BC27E69F19AAC3E100C7FF64 /* Debug */ = {
			isa = XCBuildConfiguration;
			buildSettings = {
				ASSETCATALOG_COMPILER_APPICON_NAME = AppIcon;
				ASSETCATALOG_COMPILER_LAUNCHIMAGE_NAME = LaunchImage;
				INFOPLIST_FILE = CoreImageVideoTestbed/Info.plist;
				IPHONEOS_DEPLOYMENT_TARGET = 7.1;
				LD_RUNPATH_SEARCH_PATHS = "$(inherited) @executable_path/Frameworks";
				PRODUCT_NAME = "$(TARGET_NAME)";
				TARGETED_DEVICE_FAMILY = 1;
			};
			name = Debug;
		};
		BC27E6A019AAC3E100C7FF64 /* Release */ = {
			isa = XCBuildConfiguration;
			buildSettings = {
				ASSETCATALOG_COMPILER_APPICON_NAME = AppIcon;
				ASSETCATALOG_COMPILER_LAUNCHIMAGE_NAME = LaunchImage;
				INFOPLIST_FILE = CoreImageVideoTestbed/Info.plist;
				IPHONEOS_DEPLOYMENT_TARGET = 7.1;
				LD_RUNPATH_SEARCH_PATHS = "$(inherited) @executable_path/Frameworks";
				PRODUCT_NAME = "$(TARGET_NAME)";
				TARGETED_DEVICE_FAMILY = 1;
			};
			name = Release;
		};
/* End XCBuildConfiguration section */

/* Begin XCConfigurationList section */
		BC27E67919AAC3E100C7FF64 /* Build configuration list for PBXProject "CoreImageVideoTestbed" */ = {
			isa = XCConfigurationList;
			buildConfigurations = (
				BC27E69C19AAC3E100C7FF64 /* Debug */,
				BC27E69D19AAC3E100C7FF64 /* Release */,
			);
			defaultConfigurationIsVisible = 0;
			defaultConfigurationName = Release;
		};
		BC27E69E19AAC3E100C7FF64 /* Build configuration list for PBXNativeTarget "CoreImageVideoTestbed" */ = {
			isa = XCConfigurationList;
			buildConfigurations = (
				BC27E69F19AAC3E100C7FF64 /* Debug */,
				BC27E6A019AAC3E100C7FF64 /* Release */,
			);
			defaultConfigurationIsVisible = 0;
			defaultConfigurationName = Release;
		};
/* End XCConfigurationList section */
	};
	rootObject = BC27E67619AAC3E100C7FF64 /* Project object */;
}
